
Microsoft Visual Studio Solution File, Format Version 12.00
# Visual Studio Version 16
VisualStudioVersion = 16.0.31729.503
MinimumVisualStudioVersion = 10.0.40219.1
Project("{FAE04EC0-301F-11D3-BF4B-00C04F79EFBC}") = "EyeGuard", "EyeGuard\EyeGuard.csproj", "{9BA2871B-1F35-48CE-9316-9CEF99382BA2}"
EndProject
Global
	GlobalSection(SolutionConfigurationPlatforms) = preSolution
		Debug|Any CPU = Debug|Any CPU
		Release|Any CPU = Release|Any CPU
	EndGlobalSection
	GlobalSection(ProjectConfigurationPlatforms) = postSolution
		{9BA2871B-1F35-48CE-9316-9CEF99382BA2}.Debug|Any CPU.ActiveCfg = Debug|Any CPU
		{9BA2871B-1F35-48CE-9316-9CEF99382BA2}.Debug|Any CPU.Build.0 = Debug|Any CPU
		{9BA2871B-1F35-48CE-9316-9CEF99382BA2}.Release|Any CPU.ActiveCfg = Release|Any CPU
		{9BA2871B-1F35-48CE-9316-9CEF99382BA2}.Release|Any CPU.Build.0 = Release|Any CPU
	EndGlobalSection
	GlobalSection(SolutionProperties) = preSolution
		HideSolutionNode = FALSE
	EndGlobalSection
	GlobalSection(ExtensibilityGlobals) = postSolution
		SolutionGuid = {A8A7FFE3-F4A5-4B72-B975-460C8C19B2EB}
	EndGlobalSection
EndGlobal
